
Microsoft Visual Studio Solution File, Format Version 12.00
# Visual Studio Version 16
VisualStudioVersion = 25.0.1706.9
MinimumVisualStudioVersion = 10.0.40219.1
Project("{FAE04EC0-301F-11D3-BF4B-00C04F79EFBC}") = "UsernameGenerator", "UsernameGenerator\UsernameGenerator.csproj", "{DF028A3B-BEB8-4C34-AE9E-10B3C7950673}"
EndProject
Global
	GlobalSection(SolutionConfigurationPlatforms) = preSolution
		Debug|Any CPU = Debug|Any CPU
		Release|Any CPU = Release|Any CPU
	EndGlobalSection
	GlobalSection(ProjectConfigurationPlatforms) = postSolution
		{DF028A3B-BEB8-4C34-AE9E-10B3C7950673}.Debug|Any CPU.ActiveCfg = Debug|Any CPU
		{DF028A3B-BEB8-4C34-AE9E-10B3C7950673}.Debug|Any CPU.Build.0 = Debug|Any CPU
		{DF028A3B-BEB8-4C34-AE9E-10B3C7950673}.Release|Any CPU.ActiveCfg = Release|Any CPU
		{DF028A3B-BEB8-4C34-AE9E-10B3C7950673}.Release|Any CPU.Build.0 = Release|Any CPU
	EndGlobalSection
	GlobalSection(SolutionProperties) = preSolution
		HideSolutionNode = FALSE
	EndGlobalSection
	GlobalSection(ExtensibilityGlobals) = postSolution
		SolutionGuid = {EBD7BFEE-B017-45BB-B433-AE9FD70A18D8}
	EndGlobalSection
EndGlobal
